
Microsoft Visual Studio Solution File, Format Version 12.00
# Visual Studio Version 17
VisualStudioVersion = 17.12.35527.113
MinimumVisualStudioVersion = 10.0.40219.1
Project("{2150E333-8FDC-42A3-9474-1A3956D46DE8}") = "CQRS-ES", "CQRS-ES", "{D03E23FE-754B-4FB1-BCDB-2AA5018C05C7}"
EndProject
Project("{2150E333-8FDC-42A3-9474-1A3956D46DE8}") = "SM-Post", "SM-Post", "{0A8F5F47-53AD-4F4D-AEED-BB51DA5C3BC7}"
EndProject
Project("{FAE04EC0-301F-11D3-BF4B-00C04F79EFBC}") = "CQRS.Core", "CQRS.Core\CQRS.Core.csproj", "{6F8E87BA-6B54-42A0-9603-2BDE225D95A0}"
EndProject
Project("{2150E333-8FDC-42A3-9474-1A3956D46DE8}") = "Post.Cmd", "Post.Cmd", "{2784062F-2C5B-4307-8AD1-77282EE9291A}"
EndProject
Project("{2150E333-8FDC-42A3-9474-1A3956D46DE8}") = "Post.Query", "Post.Query", "{607CDC84-661E-4137-A984-6F4E6ECF9EFB}"
EndProject
Project("{FAE04EC0-301F-11D3-BF4B-00C04F79EFBC}") = "Post.Cmd.Api", "Post.Cmd.Api\Post.Cmd.Api.csproj", "{086F0787-B3BE-4294-894F-D20F64666D46}"
EndProject
Project("{FAE04EC0-301F-11D3-BF4B-00C04F79EFBC}") = "Post.Cmd.Domain", "Post.Cmd.Domain\Post.Cmd.Domain.csproj", "{15B661CC-8E64-40AC-85D0-95EBA1E07B96}"
EndProject
Project("{FAE04EC0-301F-11D3-BF4B-00C04F79EFBC}") = "Post.Cmd.Infrastructure", "Post.Cmd.Infrastructure\Post.Cmd.Infrastructure.csproj", "{CDB31BAC-3244-4890-ACC2-B44AAE872D67}"
EndProject
Project("{FAE04EC0-301F-11D3-BF4B-00C04F79EFBC}") = "Post.Query.Api", "Post.Query.Api\Post.Query.Api.csproj", "{D4ADEE51-3C83-41B7-9488-92779E82A9F7}"
EndProject
Project("{FAE04EC0-301F-11D3-BF4B-00C04F79EFBC}") = "Post.Query.Domain", "Post.Query.Domain\Post.Query.Domain.csproj", "{29934D0B-7587-45C9-931B-0E23BAECA854}"
EndProject
Project("{FAE04EC0-301F-11D3-BF4B-00C04F79EFBC}") = "Post.Query.Infrastructure", "Post.Query.Infrastructure\Post.Query.Infrastructure.csproj", "{5A0A2855-36A9-4FFC-908B-5C3091ED3437}"
EndProject
Project("{FAE04EC0-301F-11D3-BF4B-00C04F79EFBC}") = "Post.Common", "Post.Common\Post.Common.csproj", "{E0E4BD9E-E90F-48DA-A47B-AD5E3EA105F0}"
EndProject
Global
	GlobalSection(SolutionConfigurationPlatforms) = preSolution
		Debug|Any CPU = Debug|Any CPU
		Release|Any CPU = Release|Any CPU
	EndGlobalSection
	GlobalSection(ProjectConfigurationPlatforms) = postSolution
		{6F8E87BA-6B54-42A0-9603-2BDE225D95A0}.Debug|Any CPU.ActiveCfg = Debug|Any CPU
		{6F8E87BA-6B54-42A0-9603-2BDE225D95A0}.Debug|Any CPU.Build.0 = Debug|Any CPU
		{6F8E87BA-6B54-42A0-9603-2BDE225D95A0}.Release|Any CPU.ActiveCfg = Release|Any CPU
		{6F8E87BA-6B54-42A0-9603-2BDE225D95A0}.Release|Any CPU.Build.0 = Release|Any CPU
		{086F0787-B3BE-4294-894F-D20F64666D46}.Debug|Any CPU.ActiveCfg = Debug|Any CPU
		{086F0787-B3BE-4294-894F-D20F64666D46}.Debug|Any CPU.Build.0 = Debug|Any CPU
		{086F0787-B3BE-4294-894F-D20F64666D46}.Release|Any CPU.ActiveCfg = Release|Any CPU
		{086F0787-B3BE-4294-894F-D20F64666D46}.Release|Any CPU.Build.0 = Release|Any CPU
		{15B661CC-8E64-40AC-85D0-95EBA1E07B96}.Debug|Any CPU.ActiveCfg = Debug|Any CPU
		{15B661CC-8E64-40AC-85D0-95EBA1E07B96}.Debug|Any CPU.Build.0 = Debug|Any CPU
		{15B661CC-8E64-40AC-85D0-95EBA1E07B96}.Release|Any CPU.ActiveCfg = Release|Any CPU
		{15B661CC-8E64-40AC-85D0-95EBA1E07B96}.Release|Any CPU.Build.0 = Release|Any CPU
		{CDB31BAC-3244-4890-ACC2-B44AAE872D67}.Debug|Any CPU.ActiveCfg = Debug|Any CPU
		{CDB31BAC-3244-4890-ACC2-B44AAE872D67}.Debug|Any CPU.Build.0 = Debug|Any CPU
		{CDB31BAC-3244-4890-ACC2-B44AAE872D67}.Release|Any CPU.ActiveCfg = Release|Any CPU
		{CDB31BAC-3244-4890-ACC2-B44AAE872D67}.Release|Any CPU.Build.0 = Release|Any CPU
		{D4ADEE51-3C83-41B7-9488-92779E82A9F7}.Debug|Any CPU.ActiveCfg = Debug|Any CPU
		{D4ADEE51-3C83-41B7-9488-92779E82A9F7}.Debug|Any CPU.Build.0 = Debug|Any CPU
		{D4ADEE51-3C83-41B7-9488-92779E82A9F7}.Release|Any CPU.ActiveCfg = Release|Any CPU
		{D4ADEE51-3C83-41B7-9488-92779E82A9F7}.Release|Any CPU.Build.0 = Release|Any CPU
		{29934D0B-7587-45C9-931B-0E23BAECA854}.Debug|Any CPU.ActiveCfg = Debug|Any CPU
		{29934D0B-7587-45C9-931B-0E23BAECA854}.Debug|Any CPU.Build.0 = Debug|Any CPU
		{29934D0B-7587-45C9-931B-0E23BAECA854}.Release|Any CPU.ActiveCfg = Release|Any CPU
		{29934D0B-7587-45C9-931B-0E23BAECA854}.Release|Any CPU.Build.0 = Release|Any CPU
		{5A0A2855-36A9-4FFC-908B-5C3091ED3437}.Debug|Any CPU.ActiveCfg = Debug|Any CPU
		{5A0A2855-36A9-4FFC-908B-5C3091ED3437}.Debug|Any CPU.Build.0 = Debug|Any CPU
		{5A0A2855-36A9-4FFC-908B-5C3091ED3437}.Release|Any CPU.ActiveCfg = Release|Any CPU
		{5A0A2855-36A9-4FFC-908B-5C3091ED3437}.Release|Any CPU.Build.0 = Release|Any CPU
		{E0E4BD9E-E90F-48DA-A47B-AD5E3EA105F0}.Debug|Any CPU.ActiveCfg = Debug|Any CPU
		{E0E4BD9E-E90F-48DA-A47B-AD5E3EA105F0}.Debug|Any CPU.Build.0 = Debug|Any CPU
		{E0E4BD9E-E90F-48DA-A47B-AD5E3EA105F0}.Release|Any CPU.ActiveCfg = Release|Any CPU
		{E0E4BD9E-E90F-48DA-A47B-AD5E3EA105F0}.Release|Any CPU.Build.0 = Release|Any CPU
	EndGlobalSection
	GlobalSection(SolutionProperties) = preSolution
		HideSolutionNode = FALSE
	EndGlobalSection
	GlobalSection(NestedProjects) = preSolution
		{6F8E87BA-6B54-42A0-9603-2BDE225D95A0} = {D03E23FE-754B-4FB1-BCDB-2AA5018C05C7}
		{2784062F-2C5B-4307-8AD1-77282EE9291A} = {0A8F5F47-53AD-4F4D-AEED-BB51DA5C3BC7}
		{607CDC84-661E-4137-A984-6F4E6ECF9EFB} = {0A8F5F47-53AD-4F4D-AEED-BB51DA5C3BC7}
		{086F0787-B3BE-4294-894F-D20F64666D46} = {2784062F-2C5B-4307-8AD1-77282EE9291A}
		{15B661CC-8E64-40AC-85D0-95EBA1E07B96} = {2784062F-2C5B-4307-8AD1-77282EE9291A}
		{CDB31BAC-3244-4890-ACC2-B44AAE872D67} = {2784062F-2C5B-4307-8AD1-77282EE9291A}
		{D4ADEE51-3C83-41B7-9488-92779E82A9F7} = {607CDC84-661E-4137-A984-6F4E6ECF9EFB}
		{29934D0B-7587-45C9-931B-0E23BAECA854} = {607CDC84-661E-4137-A984-6F4E6ECF9EFB}
		{5A0A2855-36A9-4FFC-908B-5C3091ED3437} = {607CDC84-661E-4137-A984-6F4E6ECF9EFB}
		{E0E4BD9E-E90F-48DA-A47B-AD5E3EA105F0} = {0A8F5F47-53AD-4F4D-AEED-BB51DA5C3BC7}
	EndGlobalSection
EndGlobal
